
Microsoft Visual Studio Solution File, Format Version 12.00
# Visual Studio Version 17
VisualStudioVersion = 17.11.35219.272
MinimumVisualStudioVersion = 10.0.40219.1
Project("{9A19103F-16F7-4668-BE54-9A1E7A4F7556}") = "TranslationAPI", "TranslationAPI\TranslationAPI.csproj", "{04ADA0EB-E219-49F2-9B69-531EA2D824FF}"
EndProject
Global
	GlobalSection(SolutionConfigurationPlatforms) = preSolution
		Debug|Any CPU = Debug|Any CPU
		Release|Any CPU = Release|Any CPU
	EndGlobalSection
	GlobalSection(ProjectConfigurationPlatforms) = postSolution
		{04ADA0EB-E219-49F2-9B69-531EA2D824FF}.Debug|Any CPU.ActiveCfg = Debug|Any CPU
		{04ADA0EB-E219-49F2-9B69-531EA2D824FF}.Debug|Any CPU.Build.0 = Debug|Any CPU
		{04ADA0EB-E219-49F2-9B69-531EA2D824FF}.Release|Any CPU.ActiveCfg = Release|Any CPU
		{04ADA0EB-E219-49F2-9B69-531EA2D824FF}.Release|Any CPU.Build.0 = Release|Any CPU
	EndGlobalSection
	GlobalSection(SolutionProperties) = preSolution
		HideSolutionNode = FALSE
	EndGlobalSection
	GlobalSection(ExtensibilityGlobals) = postSolution
		SolutionGuid = {AEE92325-5D31-4393-BC68-04352EC8F93A}
	EndGlobalSection
EndGlobal
